
Microsoft Visual Studio Solution File, Format Version 12.00
# Visual Studio Version 16
VisualStudioVersion = 16.0.29609.76
MinimumVisualStudioVersion = 10.0.40219.1
Project("{FAE04EC0-301F-11D3-BF4B-00C04F79EFBC}") = "MovieListInheritance2", "MovieListInheritance2.csproj", "{53194E78-B900-4DEE-800D-C7AC3DEEA2CF}"
EndProject
Global
	GlobalSection(SolutionConfigurationPlatforms) = preSolution
		Debug|x86 = Debug|x86
		Release|x86 = Release|x86
	EndGlobalSection
	GlobalSection(ProjectConfigurationPlatforms) = postSolution
		{53194E78-B900-4DEE-800D-C7AC3DEEA2CF}.Debug|x86.ActiveCfg = Debug|x86
		{53194E78-B900-4DEE-800D-C7AC3DEEA2CF}.Debug|x86.Build.0 = Debug|x86
		{53194E78-B900-4DEE-800D-C7AC3DEEA2CF}.Release|x86.ActiveCfg = Release|x86
		{53194E78-B900-4DEE-800D-C7AC3DEEA2CF}.Release|x86.Build.0 = Release|x86
	EndGlobalSection
	GlobalSection(SolutionProperties) = preSolution
		HideSolutionNode = FALSE
	EndGlobalSection
	GlobalSection(ExtensibilityGlobals) = postSolution
		SolutionGuid = {39201594-A923-436D-A788-BB92BCFAB271}
	EndGlobalSection
EndGlobal
